{
  "name": "cr3-to-jpg",
  "version": "1.0.0",
  "lockfileVersion": 2,
  "requires": true,
  "packages": {
    "": {
      "name": "cr3-to-jpg",
      "version": "1.0.0",
      "license": "ISC",
      "dependencies": {
        "exiftool-vendored": "^15.9.1"
      }
    },
    "node_modules/batch-cluster": {
      "version": "8.0.1",
      "resolved": "https://registry.npmjs.org/batch-cluster/-/batch-cluster-8.0.1.tgz",
      "integrity": "sha512-F5Ni0YR1WwIMyaQOaqV9D+uFUQFVsdQA1C70Ob/qAtz0tLSL14nZNqBYLMYn5qvDNc+tdKhrCPUNlXdOreWMuQ==",
      "engines": {
        "node": ">=10.0.0"
      }
    },
    "node_modules/exiftool-vendored": {
      "version": "15.9.1",
      "resolved": "https://registry.npmjs.org/exiftool-vendored/-/exiftool-vendored-15.9.1.tgz",
      "integrity": "sha512-frlW4DCJ3iLyPFvnSkJK4zYEJoa4Ax+ASkBV99EZwUe4Q9NLeJKbaAfNgN2nrXpqweoq10YlPfpvEislAHoeLw==",
      "dependencies": {
        "batch-cluster": "^8.0.1",
        "he": "^1.2.0",
        "luxon": "^2.2.0",
        "tz-lookup": "^6.1.25"
      },
      "optionalDependencies": {
        "exiftool-vendored.exe": "12.38.0",
        "exiftool-vendored.pl": "12.38.0"
      }
    },
    "node_modules/exiftool-vendored.exe": {
      "version": "12.38.0",
      "resolved": "https://registry.npmjs.org/exiftool-vendored.exe/-/exiftool-vendored.exe-12.38.0.tgz",
      "integrity": "sha512-ct0hQgy/0Zda1JqfnuiBS2TuKLPoLhs+XV4QxV+lRYYhOWtA4KOvKr6Q2xjg+RcQjogHy7AGqXekRZIBOoDEjA==",
      "optional": true,
      "os": [
        "win32"
      ]
    },
    "node_modules/exiftool-vendored.pl": {
      "version": "12.38.0",
      "resolved": "https://registry.npmjs.org/exiftool-vendored.pl/-/exiftool-vendored.pl-12.38.0.tgz",
      "integrity": "sha512-twQ8L3pKHc0DdC7sYFXYHyAgGrWbxks377pJKFyH/en4xC8knk4rCkR6Oj19+lO4QKebfgMhj9xmDzTnt8Jn2A==",
      "optional": true,
      "os": [
        "!win32"
      ]
    },
    "node_modules/he": {
      "version": "1.2.0",
      "resolved": "https://registry.npmjs.org/he/-/he-1.2.0.tgz",
      "integrity": "sha512-F/1DnUGPopORZi0ni+CvrCgHQ5FyEAHRLSApuYWMmrbSwoN2Mn/7k+Gl38gJnR7yyDZk6WLXwiGod1JOWNDKGw==",
      "bin": {
        "he": "bin/he"
      }
    },
    "node_modules/luxon": {
      "version": "2.2.0",
      "resolved": "https://registry.npmjs.org/luxon/-/luxon-2.2.0.tgz",
      "integrity": "sha512-LwmknessH4jVIseCsizUgveIHwlLv/RQZWC2uDSMfGJs7w8faPUi2JFxfyfMcTPrpNbChTem3Uz6IKRtn+LcIA==",
      "engines": {
        "node": ">=12"
      }
    },
    "node_modules/tz-lookup": {
      "version": "6.1.25",
      "resolved": "https://registry.npmjs.org/tz-lookup/-/tz-lookup-6.1.25.tgz",
      "integrity": "sha512-fFewT9o1uDzsW1QnUU1ValqaihFnwiUiiHr1S79/fxOzKXYYvX+EHeRnpvQJ9B3Qg67wPXT6QF2Esc4pFOrvLg=="
    }
  },
  "dependencies": {
    "batch-cluster": {
      "version": "8.0.1",
      "resolved": "https://registry.npmjs.org/batch-cluster/-/batch-cluster-8.0.1.tgz",
      "integrity": "sha512-F5Ni0YR1WwIMyaQOaqV9D+uFUQFVsdQA1C70Ob/qAtz0tLSL14nZNqBYLMYn5qvDNc+tdKhrCPUNlXdOreWMuQ=="
    },
    "exiftool-vendored": {
      "version": "15.9.1",
      "resolved": "https://registry.npmjs.org/exiftool-vendored/-/exiftool-vendored-15.9.1.tgz",
      "integrity": "sha512-frlW4DCJ3iLyPFvnSkJK4zYEJoa4Ax+ASkBV99EZwUe4Q9NLeJKbaAfNgN2nrXpqweoq10YlPfpvEislAHoeLw==",
      "requires": {
        "batch-cluster": "^8.0.1",
        "exiftool-vendored.exe": "12.38.0",
        "exiftool-vendored.pl": "12.38.0",
        "he": "^1.2.0",
        "luxon": "^2.2.0",
        "tz-lookup": "^6.1.25"
      }
    },
    "exiftool-vendored.exe": {
      "version": "12.38.0",
      "resolved": "https://registry.npmjs.org/exiftool-vendored.exe/-/exiftool-vendored.exe-12.38.0.tgz",
      "integrity": "sha512-ct0hQgy/0Zda1JqfnuiBS2TuKLPoLhs+XV4QxV+lRYYhOWtA4KOvKr6Q2xjg+RcQjogHy7AGqXekRZIBOoDEjA==",
      "optional": true
    },
    "exiftool-vendored.pl": {
      "version": "12.38.0",
      "resolved": "https://registry.npmjs.org/exiftool-vendored.pl/-/exiftool-vendored.pl-12.38.0.tgz",
      "integrity": "sha512-twQ8L3pKHc0DdC7sYFXYHyAgGrWbxks377pJKFyH/en4xC8knk4rCkR6Oj19+lO4QKebfgMhj9xmDzTnt8Jn2A==",
      "optional": true
    },
    "he": {
      "version": "1.2.0",
      "resolved": "https://registry.npmjs.org/he/-/he-1.2.0.tgz",
      "integrity": "sha512-F/1DnUGPopORZi0ni+CvrCgHQ5FyEAHRLSApuYWMmrbSwoN2Mn/7k+Gl38gJnR7yyDZk6WLXwiGod1JOWNDKGw=="
    },
    "luxon": {
      "version": "2.2.0",
      "resolved": "https://registry.npmjs.org/luxon/-/luxon-2.2.0.tgz",
      "integrity": "sha512-LwmknessH4jVIseCsizUgveIHwlLv/RQZWC2uDSMfGJs7w8faPUi2JFxfyfMcTPrpNbChTem3Uz6IKRtn+LcIA=="
    },
    "tz-lookup": {
      "version": "6.1.25",
      "resolved": "https://registry.npmjs.org/tz-lookup/-/tz-lookup-6.1.25.tgz",
      "integrity": "sha512-fFewT9o1uDzsW1QnUU1ValqaihFnwiUiiHr1S79/fxOzKXYYvX+EHeRnpvQJ9B3Qg67wPXT6QF2Esc4pFOrvLg=="
    }
  }
}
